PODS:
  - AKReactNative (0.59.9.2)
  - AKTBJSONModel (1.0.0)
  - ali_iot_plugin (0.0.1):
    - ali_iot_plugin/ALiIM (= 0.0.1)
    - Flutter
  - ali_iot_plugin/ALiIM (0.0.1):
    - AKReactNative (= 0.59.9.2)
    - AKTBJSONModel (~> 1.0.0)
    - AlicloudALBBOpenAccount (= 3.4.0.47)
    - AlicloudPushIoT (= 1.9.5.5)
    - AlicloudSecurityGuardSDK (= 5.4.165)
    - AlicloudSGMain (= 5.4.165)
    - AlicloudSGSecurityBody (= 5.4.94)
    - CocoaAsyncSocket (= 7.4.2)
    - FBSDKCoreKit (= 4.29.0)
    - FBSDKLoginKit (= 4.29.0)
    - Flutter
    - GoogleSignIn (= 4.0.2)
    - IMSApiClient (= 1.6.7)
    - IMSAuthentication (= 1.4.2)
    - IMSBoneKit (= 1.3.11.2)
    - IMSBreezeSDK (= 1.7.4)
    - IMSDeviceCenter (= 1.12.5)
    - IMSDeviceGateway (= 1.6.8)
    - IMSIotSmart (= 1.2.2)
    - IMSMobileChannel (= 1.6.12)
    - IMSOtaBusinessSdk (= 1.6.3)
    - IMSPCloudNetwork (= 1.0.0)
    - IMSPCloudPush (= 1.0.2)
    - IMSReactNativeExtension (= 1.0.2)
    - IMSThingCapability (= 1.8.6)
    - Mantle (= 2.1.0)
    - MJRefresh (= 3.1.15)
    - Reachability (= 3.2)
    - SDWebImage (= 5.4.0)
    - ZipArchive (= 1.4.0)
  - AlicloudALBBOpenAccount (3.4.0.47):
    - AlicloudSecurityGuardSDK (= 5.4.165)
    - AlicloudSGMain (= 5.4.165)
    - AlicloudSGSecurityBody (= 5.4.94)
    - AlicloudUTDID (~> 1.1.0.16)
    - IMSOpsTools (~> 1.0.1)
  - AlicloudPushIoT (1.9.5.5):
    - AlicloudUtils
  - AlicloudSecurityGuardSDK (5.4.165)
  - AlicloudSGMain (5.4.165):
    - AlicloudSecurityGuardSDK (= 5.4.165)
  - AlicloudSGSecurityBody (5.4.94):
    - AlicloudSecurityGuardSDK (= 5.4.165)
    - AlicloudSGMain (= 5.4.165)
  - AlicloudUTDID (1.1.0.19)
  - AlicloudUtils (1.3.9):
    - AlicloudUTDID
  - Bolts (1.9.1):
    - Bolts/AppLinks (= 1.9.1)
    - Bolts/Tasks (= 1.9.1)
  - Bolts/AppLinks (1.9.1):
    - Bolts/Tasks
  - Bolts/Tasks (1.9.1)
  - CocoaAsyncSocket (7.4.2)
  - FBSDKCoreKit (4.29.0):
    - Bolts (~> 1.7)
  - FBSDKLoginKit (4.29.0):
    - FBSDKCoreKit
  - Flutter (1.0.0)
  - GoogleSignIn (4.0.2):
    - "GoogleToolboxForMac/NSDictionary+URLArguments (~> 2.1)"
    - "GoogleToolboxForMac/NSString+URLArguments (~> 2.1)"
    - GTMOAuth2 (~> 1.0)
    - GTMSessionFetcher/Core (~> 1.1)
  - GoogleToolboxForMac/DebugUtils (2.3.0):
    - GoogleToolboxForMac/Defines (= 2.3.0)
  - GoogleToolboxForMac/Defines (2.3.0)
  - "GoogleToolboxForMac/NSDictionary+URLArguments (2.3.0)":
    - GoogleToolboxForMac/DebugUtils (= 2.3.0)
    - GoogleToolboxForMac/Defines (= 2.3.0)
    - "GoogleToolboxForMac/NSString+URLArguments (= 2.3.0)"
  - "GoogleToolboxForMac/NSString+URLArguments (2.3.0)"
  - GTMOAuth2 (1.1.6):
    - GTMSessionFetcher (~> 1.1)
  - GTMSessionFetcher (1.5.0):
    - GTMSessionFetcher/Full (= 1.5.0)
  - GTMSessionFetcher/Core (1.5.0)
  - GTMSessionFetcher/Full (1.5.0):
    - GTMSessionFetcher/Core (= 1.5.0)
  - IMLCoapBase (1.6.13)
  - IMSAccount (1.2.1.3):
    - IMSBonePluginKit (~> 1.1.0)
    - IMSLog (~> 1.0.4)
  - IMSApiClient (1.6.7):
    - AlicloudSGMain (~> 5.4.165)
    - IMSLog (~> 1.0.4)
    - IMSOpsTools (~> 1.0.1)
  - IMSAuthentication (1.4.2):
    - AlicloudSGMain (~> 5.4.165)
    - IMSAccount (~> 1.2.1.1)
    - IMSApiClient (~> 1.6.0)
    - IMSLog (~> 1.0.4)
  - IMSBoneKit (1.3.11.2):
    - AlicloudSGMain (~> 5.4.165)
    - IMSAccount (~> 1.2.1.3)
    - IMSApiClient (~> 1.6.1)
    - IMSBoneLogUtil (~> 1.0.0)
    - IMSBoneServiceCore (~> 1.1.4)
    - IMSBoneServicePluginKit (~> 1.0.0)
    - IMSBoneUserTrack (~> 1.0.0)
    - IMSLog (~> 1.0.4)
    - IMSRouter (~> 1.2.7)
  - IMSBoneLogUtil (1.0.0):
    - IMSBoneUserTrack (~> 1.0.0)
    - IMSLog (~> 1.0.7)
  - IMSBonePluginKit (1.1.0)
  - IMSBoneServiceCore (1.1.9):
    - IMSApiClient (~> 1.6.1)
    - IMSBoneServicePluginKit (~> 1.0.0)
    - IMSLog (~> 1.0.4)
  - IMSBoneServicePluginKit (1.0.2)
  - IMSBoneUserTrack (1.0.0)
  - IMSBreezeSDK (1.7.4):
    - IMSApiClient (~> 1.6.0)
    - IMSDeviceGateway (~> 1.6.6)
    - IMSLog (~> 1.0.4)
    - IMSOpsTools (~> 1.0.1)
    - LinkNetworkSDK (~> 1.0.3)
  - IMSDeviceCenter (1.12.5):
    - AKTBJSONModel (~> 1.0.0)
    - IMLCoapBase (~> 1.6.6)
    - IMSApiClient (~> 1.6.0)
    - IMSBonePluginKit (~> 1.1.0)
    - IMSLog (~> 1.0.4)
    - IMSOpsTools (~> 1.0.1)
    - LinkNetworkSDK (~> 1.0.6)
  - IMSDeviceGateway (1.6.8):
    - IMSMobileChannel (~> 1.6.6)
  - IMSIotSmart (1.2.2):
    - IMSApiClient (~> 1.6.0)
    - IMSAuthentication (~> 1.4.1)
    - IMSLog (~> 1.0.4)
  - IMSLog (1.0.8)
  - IMSMobileChannel (1.6.12):
    - AlicloudUTDID (~> 1.1.0.16)
    - IMSApiClient (~> 1.6.0)
    - IMSLog (~> 1.0.4)
  - IMSOpsTools (1.0.4)
  - IMSOtaBusinessSdk (1.6.3):
    - IMSApiClient (~> 1.6.0)
    - IMSLog (~> 1.0.4)
    - LinkNetworkSDK (~> 1.0.3)
  - IMSPCloudNetwork (1.0.0)
  - IMSPCloudPush (1.0.2)
  - IMSReactNativeExtension (1.0.2)
  - IMSRouter (1.2.8):
    - IMSBoneLogUtil (~> 1.0.0)
    - IMSLog (~> 1.0.4)
  - IMSThingCapability (1.8.6):
    - AKTBJSONModel (~> 1.0.0)
    - AlicloudSGMain (~> 5.4.165)
    - IMLCoapBase (~> 1.6.6)
    - IMSApiClient (~> 1.6.0)
    - IMSAuthentication (~> 1.4.1)
    - IMSBonePluginKit (~> 1.1.0)
    - IMSDeviceGateway (~> 1.6.6)
    - IMSLog (~> 1.0.4)
    - IMSMobileChannel (~> 1.6.6)
  - LinkNetworkSDK (1.0.6):
    - IMSLog (~> 1.0.4)
  - Mantle (2.1.0):
    - Mantle/extobjc (= 2.1.0)
  - Mantle/extobjc (2.1.0)
  - MJRefresh (3.1.15)
  - Reachability (3.2)
  - SDWebImage (5.4.0):
    - SDWebImage/Core (= 5.4.0)
  - SDWebImage/Core (5.4.0)
  - ZipArchive (1.4.0)

DEPENDENCIES:
  - ali_iot_plugin (from `.symlinks/plugins/ali_iot_plugin/ios`)
  - Flutter (from `Flutter`)

SPEC REPOS:
  https://github.com/aliyun/aliyun-specs.git:
    - AKReactNative
    - AKTBJSONModel
    - AlicloudALBBOpenAccount
    - AlicloudPushIoT
    - AlicloudSecurityGuardSDK
    - AlicloudSGMain
    - AlicloudSGSecurityBody
    - AlicloudUTDID
    - AlicloudUtils
    - IMLCoapBase
    - IMSAccount
    - IMSApiClient
    - IMSAuthentication
    - IMSBoneKit
    - IMSBoneLogUtil
    - IMSBonePluginKit
    - IMSBoneServiceCore
    - IMSBoneServicePluginKit
    - IMSBoneUserTrack
    - IMSBreezeSDK
    - IMSDeviceCenter
    - IMSDeviceGateway
    - IMSIotSmart
    - IMSLog
    - IMSMobileChannel
    - IMSOpsTools
    - IMSOtaBusinessSdk
    - IMSPCloudNetwork
    - IMSPCloudPush
    - IMSReactNativeExtension
    - IMSRouter
    - IMSThingCapability
    - LinkNetworkSDK
  https://github.com/CocoaPods/Specs.git:
    - Bolts
    - CocoaAsyncSocket
    - FBSDKCoreKit
    - FBSDKLoginKit
    - GoogleSignIn
    - GoogleToolboxForMac
    - GTMOAuth2
    - GTMSessionFetcher
    - Mantle
    - MJRefresh
    - Reachability
    - SDWebImage
    - ZipArchive

EXTERNAL SOURCES:
  ali_iot_plugin:
    :path: ".symlinks/plugins/ali_iot_plugin/ios"
  Flutter:
    :path: Flutter

SPEC CHECKSUMS:
  AKReactNative: e9a0ac58f2b8c7c00c515c03f0044708db756eb0
  AKTBJSONModel: 143a89529ee441682bb3f61b1b82d5b227e0f28d
  ali_iot_plugin: 045e651885c0b6d7be315c185fe9123c0e5e3c94
  AlicloudALBBOpenAccount: 9afa57baa88e947ab291f6bd03077c21d31440e1
  AlicloudPushIoT: 024c55d5e3b04d14304affc8478ad0cc8c8399e6
  AlicloudSecurityGuardSDK: 468967270a00ae1a9b5ffa64150a3b500817f2ae
  AlicloudSGMain: 59151e22aed4477bd2956714b48bcaab01648822
  AlicloudSGSecurityBody: 530bf1299961db195916fcc3cb4e77c7b93a30f3
  AlicloudUTDID: 79f509c3e997ef85fe307f8bfb2bb3be27f7e205
  AlicloudUtils: 66e0ba6ece62d7dd05e9dd95674b2c7811624c2f
  Bolts: 8c1e8aab2f603387b8b9924f57d1d64f43d3ffdc
  CocoaAsyncSocket: f5783bdedd232d91b89769bc4b5a1580aed518ad
  FBSDKCoreKit: 6f139173dc63a1deaff4430a55f2fe5bb222d2af
  FBSDKLoginKit: 56a057ca6822535ea0faa25f57a7c41edb697fd4
  Flutter: 0e3d915762c693b495b44d77113d4970485de6ec
  GoogleSignIn: d7ad83f13480e1f30453471d00d19b5293ac46af
  GoogleToolboxForMac: 1350d40e86a76f7863928d63bcb0b89c84c521c5
  GTMOAuth2: e8b6512c896235149df975c41d9a36c868ab7fba
  GTMSessionFetcher: b3503b20a988c4e20cc189aa798fd18220133f52
  IMLCoapBase: c4b59320cac937fd7d09d0a4a4a5c6ac78cdd669
  IMSAccount: a27c4b47e88ec0b6cc579746447f07e1e03d3d8a
  IMSApiClient: cd472c2838e6df6e6c7959ff92eb18dacabba180
  IMSAuthentication: 6f8834bbaf4fc88e628386f3e59d48a3cffa2f65
  IMSBoneKit: 9d944a6d3bd16b792a283071e0cc7fa398706e4d
  IMSBoneLogUtil: 3e44ee75551c5a4a52591bfe545cc5694c1d88c2
  IMSBonePluginKit: 2e463b149ecb7e8ebdc8351516372d561b0f49db
  IMSBoneServiceCore: af2051f30ef8f53f62271538180baaadda33b314
  IMSBoneServicePluginKit: ac0098f8d5b9565cf9ad4ecbfa0e7d19c92228dd
  IMSBoneUserTrack: c4895887e4eee1ac2a57c1671c2b3d4913959cc1
  IMSBreezeSDK: 5991349c051d6552d3d9a5a6a630fb8a76206c0f
  IMSDeviceCenter: 18f98eaef80b03b34695705afa8880154e48822a
  IMSDeviceGateway: 7678d72d3c785d317d6feada6ca19909dc49dcf2
  IMSIotSmart: 1064b68bfdccd60767aa156a3f0c32c27c7b4253
  IMSLog: d17ae9fa27c5a31ef5a76ed4e233fd4c89404508
  IMSMobileChannel: 7e990265b141bff638f99f89f3a724e8927e5071
  IMSOpsTools: 558284234449328bd0a96769d6781a668e221344
  IMSOtaBusinessSdk: 7f24178ba41fb33f14f3742f3ba927c385b2534c
  IMSPCloudNetwork: 746498f4a831f53c2a54c52d62e9ec7f26c7112a
  IMSPCloudPush: c2be446062cb0670b046bd1e8b6c42c105d8be60
  IMSReactNativeExtension: 7fcf52c61fad90846f7f2667e788f746a1edb0c3
  IMSRouter: 160c2d13eaf74af953969745f86914e41b30030d
  IMSThingCapability: 624fae0091f90751cb5af2f952f2823f0fda874c
  LinkNetworkSDK: d754fce01b3b858eb78e6ceeef490ef6606d328c
  Mantle: 2fa750afa478cd625a94230fbf1c13462f29395b
  MJRefresh: 9af70f5f9327a2cf87f0fb5929f35fcc2fa638ea
  Reachability: 33e18b67625424e47b6cde6d202dce689ad7af96
  SDWebImage: 5bf6aec6481ae2a062bdc59f9d6c1d1e552090e0
  ZipArchive: e25a4373192673e3229ac8d6e9f64a3e5713c966

PODFILE CHECKSUM: 6d9183f75c0d1edb0a337f9da2fa9747f4866a4e

COCOAPODS: 1.10.0
